{
  "version": 1,
  "dependencies": {
    "net10.0": {
      "Azure.Core": {
        "type": "Direct",
        "requested": "[1.63.0, )",
        "resolved": "1.63.0",
        "contentHash": "5egODg5yWcRV0kkAv22jQL7YmsfupX7intDYbxZMu8giASSQVfG5+mwC+BdJOWvhFT1Y+9KzuvbUGqAVEBzsfw==",
        "dependencies": {
          "Microsoft.Bcl.AsyncInterfaces": "10.0.10",
          "Microsoft.Extensions.Configuration.Abstractions": "10.0.10",
          "Microsoft.Extensions.Hosting.Abstractions": "10.0.10",
          "Microsoft.Identity.Client": "4.90.0",
          "Microsoft.Identity.Client.Extensions.Msal": "4.90.0",
          "System.ClientModel": "1.16.0",
          "System.Memory.Data": "10.0.10"
        }
      },
      "Azure.Monitor.OpenTelemetry.Exporter": {
        "type": "Direct",
        "requested": "[1.10.0, )",
        "resolved": "1.10.0",
        "contentHash": "39Vc71fy1KYqU70j3sbGOqUU6wT5/eKskEuoW8R+H+J+srIyCewN6ooMTj+6lU4yFpJ0x5da2jx1GK9h48g6iw==",
        "dependencies": {
          "Azure.Core": "1.63.0",
          "OpenTelemetry.Extensions.Hosting": "1.18.0",
          "OpenTelemetry.PersistentStorage.FileSystem": "1.1.1"
        }
      },
      "coverlet.collector": {
        "type": "Direct",
        "requested": "[10.1.0, )",
        "resolved": "10.1.0",
        "contentHash": "SlYCIHnBYxINSUpR75SiM5JEmnx11pqT+Ac/C/fUqTTA0dLPl9eYzmFXKKuxmQhL3ZdTQl4PBD3YdAxAauaKLQ=="
      },
      "Microsoft.ApplicationInsights": {
        "type": "Direct",
        "requested": "[3.1.2, )",
        "resolved": "3.1.2",
        "contentHash": "E+8N7Q6GS/AcyJ0xuYA48nVL4eQGGOSJZvNz/R7qQtMGCUwjLzQe9Ttpgh/7eQktngsUuNGaEzBhM7IUU0t4xA==",
        "dependencies": {
          "Azure.Monitor.OpenTelemetry.Exporter": "1.8.0"
        }
      },
      "Microsoft.Bcl.AsyncInterfaces": {
        "type": "Direct",
        "requested": "[10.0.12, )",
        "resolved": "10.0.12",
        "contentHash": "vHPomsJPqUvf1ExdzCCSEUMQqloONPTBMGqNqBUdr4UgSTs9bCzH1oLkuS6WgUgIu+xqWngQbjelUBNlDuzLWQ=="
      },
      "Microsoft.Extensions.Configuration": {
        "type": "Direct",
        "requested": "[10.0.12, )",
        "resolved": "10.0.12",
        "contentHash": "e3IPP32CRNL031VZJAUTlCTG0YN7WFh4mN3fsSHTDQCJB+3+f0jGycv4fXk3rrftaY3B85XrQaj7sRthrOsavg==",
        "dependencies": {
          "Microsoft.Extensions.Configuration.Abstractions": "10.0.12",
          "Microsoft.Extensions.Primitives": "10.0.12"
        }
      },
      "Microsoft.Extensions.Configuration.Abstractions": {
        "type": "Direct",
        "requested": "[10.0.12, )",
        "resolved": "10.0.12",
        "contentHash": "8xaGcvS/qZ1otoxPQCEJkNva389CVL/plNcvIETZhQTETYdRkYDPEYhUMoAGONo4FU45ufdfE0j29AfWVVj0wA==",
        "dependencies": {
          "Microsoft.Extensions.Primitives": "10.0.12"
        }
      },
      "Microsoft.Extensions.Configuration.Binder": {
        "type": "Direct",
        "requested": "[10.0.12, )",
        "resolved": "10.0.12",
        "contentHash": "dAgIf1TOr8KLs+aBRIbXUZBjHoSH4rDG8+XkX/Q6AZwkQdMA0+yPDKTHsieeXdZDfpOpZVHzOnuAb5Z2nX3KsA==",
        "dependencies": {
          "Microsoft.Extensions.Configuration": "10.0.12",
          "Microsoft.Extensions.Configuration.Abstractions": "10.0.12"
        }
      },
      "Microsoft.Extensions.Configuration.EnvironmentVariables": {
        "type": "Direct",
        "requested": "[10.0.12, )",
        "resolved": "10.0.12",
        "contentHash": "OIFhLxKAdvSrZuecX177ZkN4AcAB6OLlbS8y0MQYL68512aMOZI8cJLb8OeuYe2X+gu5uMqbbCxhzAmSp+Q2ow==",
        "dependencies": {
          "Microsoft.Extensions.Configuration": "10.0.12",
          "Microsoft.Extensions.Configuration.Abstractions": "10.0.12"
        }
      },
      "Microsoft.Extensions.Diagnostics.Abstractions": {
        "type": "Direct",
        "requested": "[10.0.12, )",
        "resolved": "10.0.12",
        "contentHash": "fMp91qlRlMOuHfMyp7LuAnOS+MOeWTF1obJmyFcs4nZCXu6pr+QB1AbFJcl2qpBltBrqF/Y7+Rn9IuNcSuctig==",
        "dependencies": {
          "Microsoft.Extensions.DependencyInjection.Abstractions": "10.0.12",
          "Microsoft.Extensions.Options": "10.0.12"
        }
      },
      "Microsoft.Extensions.FileProviders.Abstractions": {
        "type": "Direct",
        "requested": "[10.0.12, )",
        "resolved": "10.0.12",
        "contentHash": "iQseV6HixWzEYQH4i++84ToIroXnM5jC1TJF4EqBz3lWNG1HBTMYDLkRb6Wm3wk5V6WqSfl7NukO/LYsloGyfg==",
        "dependencies": {
          "Microsoft.Extensions.Primitives": "10.0.12"
        }
      },
      "Microsoft.Extensions.Hosting.Abstractions": {
        "type": "Direct",
        "requested": "[10.0.12, )",
        "resolved": "10.0.12",
        "contentHash": "ZlIxIJtWmrph0Ikj0svSaTkZ+d+ZYpTAhazpf1b3aoFRmlNnNWwkcvqnqT9yKHjKvfBRthvUrkq11OxfItOhpg==",
        "dependencies": {
          "Microsoft.Extensions.Configuration.Abstractions": "10.0.12",
          "Microsoft.Extensions.DependencyInjection.Abstractions": "10.0.12",
          "Microsoft.Extensions.Diagnostics.Abstractions": "10.0.12",
          "Microsoft.Extensions.FileProviders.Abstractions": "10.0.12",
          "Microsoft.Extensions.Logging.Abstractions": "10.0.12"
        }
      },
      "Microsoft.Extensions.Logging.Abstractions": {
        "type": "Direct",
        "requested": "[10.0.12, )",
        "resolved": "10.0.12",
        "contentHash": "+24lC4plfbEDNfLAdTV/SWKS7dW+16X4HdydO3R++134kSNTzcbYA4KpR1Hdh6uWisB8Za3AzwyOn+K+NxWIug==",
        "dependencies": {
          "Microsoft.Extensions.DependencyInjection.Abstractions": "10.0.12"
        }
      },
      "Microsoft.Extensions.Logging.Configuration": {
        "type": "Direct",
        "requested": "[10.0.12, )",
        "resolved": "10.0.12",
        "contentHash": "CLHWfKQZWFE6fSzRXfjd4UlGveckkfPtwx/p5yF/o3hEkMSzGsl7MSxNAkI19hjw0rprBqrQC09Dwy6Lh6kweA==",
        "dependencies": {
          "Microsoft.Extensions.Configuration": "10.0.12",
          "Microsoft.Extensions.Configuration.Abstractions": "10.0.12",
          "Microsoft.Extensions.Configuration.Binder": "10.0.12",
          "Microsoft.Extensions.DependencyInjection.Abstractions": "10.0.12",
          "Microsoft.Extensions.Logging": "10.0.12",
          "Microsoft.Extensions.Logging.Abstractions": "10.0.12",
          "Microsoft.Extensions.Options": "10.0.12",
          "Microsoft.Extensions.Options.ConfigurationExtensions": "10.0.12"
        }
      },
      "Microsoft.Extensions.Options": {
        "type": "Direct",
        "requested": "[10.0.12, )",
        "resolved": "10.0.12",
        "contentHash": "TDYD33TSRpXKZWlmTXNlj5kCihxatmv2Ec1u6C+bMYLphCS7PoSLE9Pjd/nunDoE7yETk+LLKjVJX78HYtWjpA==",
        "dependencies": {
          "Microsoft.Extensions.DependencyInjection.Abstractions": "10.0.12",
          "Microsoft.Extensions.Primitives": "10.0.12"
        }
      },
      "Microsoft.Extensions.Options.ConfigurationExtensions": {
        "type": "Direct",
        "requested": "[10.0.12, )",
        "resolved": "10.0.12",
        "contentHash": "rqpu4qj5WE9x1IHGXSIgHBKi7IUlQaHyp4aXCYIanG2OghlUMFZpZTgExaXwcvmLAJHsxKQWMPpc7D2WIbCVtA==",
        "dependencies": {
          "Microsoft.Extensions.Configuration.Abstractions": "10.0.12",
          "Microsoft.Extensions.Configuration.Binder": "10.0.12",
          "Microsoft.Extensions.DependencyInjection.Abstractions": "10.0.12",
          "Microsoft.Extensions.Options": "10.0.12",
          "Microsoft.Extensions.Primitives": "10.0.12"
        }
      },
      "Microsoft.Extensions.Primitives": {
        "type": "Direct",
        "requested": "[10.0.12, )",
        "resolved": "10.0.12",
        "contentHash": "dYfCLR52UA+3DL7C4I/pvSaRPkNqxrUAQmbFL2u0zvYKKzqgrFCJl08Df+F1aYc8leu9JvpC9bsURUdpExcBXQ=="
      },
      "Microsoft.Identity.Client": {
        "type": "Direct",
        "requested": "[4.90.1, )",
        "resolved": "4.90.1",
        "contentHash": "GLsf4cfEfIZD4pBkmBc8kCjfE811PKsM29T9nMZQDS2px/buM/Ha8jVYiGPdiA7cqjYNIX+G5d0S12TtGZS6RA==",
        "dependencies": {
          "Microsoft.IdentityModel.Abstractions": "8.14.0"
        }
      },
      "Microsoft.Identity.Client.Extensions.Msal": {
        "type": "Direct",
        "requested": "[4.90.1, )",
        "resolved": "4.90.1",
        "contentHash": "M9ZpVpizd9F0z5JKk5P3i0YjAYQpkdoC6Q4V7RXkL9uFd/4o5VasR5lyx+l2fxlDDA0eBSwaVxkOlxhx/3TmTg==",
        "dependencies": {
          "Microsoft.Identity.Client": "4.90.1",
          "System.Security.Cryptography.ProtectedData": "4.5.0"
        }
      },
      "Microsoft.IdentityModel.Abstractions": {
        "type": "Direct",
        "requested": "[8.23.0, )",
        "resolved": "8.23.0",
        "contentHash": "JjiBkKj12OKvuWr+kB5sQwb7fmWW5bi03Mq/rd2Fu/7YwZ1RWQO9KhI9lBxki4o1VvY0wzqny8c7nwx1uuZzVg=="
      },
      "Microsoft.Testing.Extensions.Telemetry": {
        "type": "Direct",
        "requested": "[2.4.1, )",
        "resolved": "2.4.1",
        "contentHash": "C+bq5ydHrBNCDXjvFtRa1/JcAS2Wq2dpXOnzy/TFYC8qb1dDEgB1XhQayBaYE/5BKviikByHb7mth8P+qJaOJw==",
        "dependencies": {
          "Microsoft.ApplicationInsights": "2.23.0",
          "Microsoft.Testing.Platform": "[2.4.1, 3.0.0)"
        }
      },
      "Microsoft.Testing.Extensions.TrxReport": {
        "type": "Direct",
        "requested": "[2.4.1, )",
        "resolved": "2.4.1",
        "contentHash": "KGAvJKRqhod45ecH4L1cCKIjGrzziUcLo3L4hRlfOg/Ww2Q7MnA30qHY2rnKzGyLVWf91tc2VleGe8c33FmPaQ==",
        "dependencies": {
          "Microsoft.Testing.Extensions.TrxReport.Abstractions": "2.4.1",
          "Microsoft.Testing.Platform": "[2.4.1, 3.0.0)"
        }
      },
      "Microsoft.Testing.Platform.MSBuild": {
        "type": "Direct",
        "requested": "[2.4.1, )",
        "resolved": "2.4.1",
        "contentHash": "K4W2hAATe9wA1xt4oEZWmUsnQqnLD5H18NXKsm81xclf9PI4AHieb3DxJpE/2uA6Xl9DtjpLXif7/9Sn8Y2y7w==",
        "dependencies": {
          "Microsoft.Testing.Platform": "[2.4.1, 3.0.0)"
        }
      },
      "OpenTelemetry": {
        "type": "Direct",
        "requested": "[1.19.1, )",
        "resolved": "1.19.1",
        "contentHash": "6ywhc3upf+dq8EsOohj7I7zS3l4yX9vfbtFkvyEC8xIUY4Z9iDIOVuke356eCAzIZaWtmwmmyl2UXYCp5n7I3Q==",
        "dependencies": {
          "Microsoft.Extensions.Configuration.EnvironmentVariables": "10.0.0",
          "Microsoft.Extensions.Diagnostics.Abstractions": "10.0.0",
          "Microsoft.Extensions.Logging.Configuration": "10.0.0",
          "OpenTelemetry.Api.ProviderBuilderExtensions": "1.19.1"
        }
      },
      "OpenTelemetry.Api": {
        "type": "Direct",
        "requested": "[1.19.1, )",
        "resolved": "1.19.1",
        "contentHash": "9JKIH+xrV0HNTFjQC8zrx9gZpDOMEljN5Htg/U0VE2IvO3N+7bKALCCsGy5tp09marX5dd8UkrgQFoLaulIBRw=="
      },
      "OpenTelemetry.Api.ProviderBuilderExtensions": {
        "type": "Direct",
        "requested": "[1.19.1, )",
        "resolved": "1.19.1",
        "contentHash": "HtGe72B/IhzKqdU0a3fNE5osax/Cegwxd+p4u6lOFy20nsgmeaFuP2NRyFs1WvrOv/bpkII3IvvBkKoZXG8BLg==",
        "dependencies": {
          "Microsoft.Extensions.DependencyInjection.Abstractions": "10.0.0",
          "OpenTelemetry.Api": "1.19.1"
        }
      },
      "OpenTelemetry.Extensions.Hosting": {
        "type": "Direct",
        "requested": "[1.19.1, )",
        "resolved": "1.19.1",
        "contentHash": "3qqZfVmW8mKA2/fRwI83o8z+yZd33KbEqRlXrlX0+3e/U7i+z0MQiCr0L3Axxa0jGdiylIrpWX4DIT9nAbJ00A==",
        "dependencies": {
          "Microsoft.Extensions.Hosting.Abstractions": "10.0.0",
          "OpenTelemetry": "1.19.1"
        }
      },
      "OpenTelemetry.PersistentStorage.Abstractions": {
        "type": "Direct",
        "requested": "[1.1.1, )",
        "resolved": "1.1.1",
        "contentHash": "tsZtLJZZNYf7HIZZGm/DcYdQWKye0shFoekx59TkSkmXPB0u8bUXJZMYsdDIId+nyXcwTFdBlv5z0SQHOp+Xxg=="
      },
      "OpenTelemetry.PersistentStorage.FileSystem": {
        "type": "Direct",
        "requested": "[1.1.1, )",
        "resolved": "1.1.1",
        "contentHash": "f66+dhmMQgs4uYN+IbssgGRiINyw639CPWIPHt0+92Jq/VewNm7uZ/sSxQpWVorY/rmvDxfNqL1vzLebfZcczw==",
        "dependencies": {
          "OpenTelemetry.PersistentStorage.Abstractions": "1.1.1"
        }
      },
      "System.ClientModel": {
        "type": "Direct",
        "requested": "[1.16.0, )",
        "resolved": "1.16.0",
        "contentHash": "vLljZON+8lXDUtsPP8uwsPvsBSQaUHhh8NvB+D9TQsXu5n622RLtuLyZAcyIFc98b8ixrwD0AhzUQhtg2NwJnQ==",
        "dependencies": {
          "Microsoft.Extensions.Configuration.Abstractions": "10.0.10",
          "Microsoft.Extensions.Hosting.Abstractions": "10.0.10",
          "Microsoft.Extensions.Logging.Abstractions": "10.0.10",
          "System.Memory.Data": "10.0.10"
        }
      },
      "System.Memory.Data": {
        "type": "Direct",
        "requested": "[10.0.12, )",
        "resolved": "10.0.12",
        "contentHash": "MksC4vmN7pWANW4VpvVw0TUA6sWa1yvMlms594JBiSsCD/CXH5mlazos76+UE6lGE+6/TiBA3S5TLEp8mGsMQw=="
      },
      "System.Security.Cryptography.ProtectedData": {
        "type": "Direct",
        "requested": "[10.0.12, )",
        "resolved": "10.0.12",
        "contentHash": "wO0W8VDMeRJZakRySOmemAnrBZMwEFRlbfBtATxUiLf2I3IhSRnCp1Vt157NWptdE4IJ7eftd5n8q9LtaKHFTQ=="
      },
      "xunit.analyzers": {
        "type": "Direct",
        "requested": "[2.1.0, )",
        "resolved": "2.1.0",
        "contentHash": "X7QXEcZQGz0G/HL4HUyK+aAvNa/IMGbOCnFIq4jD/Evktq12xANKwzOUr7b08vCmC1LXu/47qHWOdjm3KfaJ0A=="
      },
      "xunit.v3.assert": {
        "type": "Direct",
        "requested": "[4.0.1, )",
        "resolved": "4.0.1",
        "contentHash": "nC7d3cY06Oo7hkdwWPZkBR0Ud75xNhgx0P7i0GmMMZC3puCGlc4szFiT30biH03IN/eDnr8h+nv3A1UD17bk/A=="
      },
      "xunit.v3.common": {
        "type": "Direct",
        "requested": "[4.0.1, )",
        "resolved": "4.0.1",
        "contentHash": "Qf25TVdadDQYf9zVxSd7L9RNQhuP0jCUHmo96XTmIKLxGefylIEV63jRbXBPFzdXmV09TCdcurk+AQ9LiWS2Hg==",
        "dependencies": {
          "Microsoft.Bcl.AsyncInterfaces": "6.0.0"
        }
      },
      "xunit.v3.extensibility.core": {
        "type": "Direct",
        "requested": "[4.0.1, )",
        "resolved": "4.0.1",
        "contentHash": "J0d5OfFcp920nZxCRIvU14+TZhiSPQR0wvqEMZ3MRiJLPu1VmYlcRNkmcSW0i1DwkB81gAHc+fHUQf/cU64MYg==",
        "dependencies": {
          "xunit.v3.common": "[4.0.1]"
        }
      },
      "xunit.v3.mtp-v2": {
        "type": "Direct",
        "requested": "[4.0.1, )",
        "resolved": "4.0.1",
        "contentHash": "s88KiWwDDYgOWV3A+ViJiqCe9cLU/Rt6Gb5TfOC7Abv/HKSoj4IHVPcOQk7jPt7HhZHHEts5IuaVpB30eO5B1w==",
        "dependencies": {
          "xunit.analyzers": "2.1.0",
          "xunit.v3.assert": "[4.0.1]",
          "xunit.v3.core.mtp-v2": "[4.0.1]"
        }
      },
      "xunit.v3.runner.common": {
        "type": "Direct",
        "requested": "[4.0.1, )",
        "resolved": "4.0.1",
        "contentHash": "p9AyfBpj2e5Iws8B57SbLiSngg7mEdvegHInKR4T2cjt2mis9h8htVgCnmu//agZO4zri6p6VQOj5EkHHTy3gA==",
        "dependencies": {
          "Microsoft.Win32.Registry": "[5.0.0]",
          "System.Security.AccessControl": "[6.0.1]",
          "xunit.v3.common": "[4.0.1]"
        }
      },
      "xunit.v3.runner.inproc.console": {
        "type": "Direct",
        "requested": "[4.0.1, )",
        "resolved": "4.0.1",
        "contentHash": "Hqwfd6ehMIhPmVWUQ2dgmknzuLFTWeyp8ES1q3D4YR5bQVyiXDcaIoaFwqAz2zgLr49WaW4Mz7VVncP7u/Q8/Q==",
        "dependencies": {
          "xunit.v3.extensibility.core": "[4.0.1]",
          "xunit.v3.runner.common": "[4.0.1]"
        }
      },
      "Microsoft.Extensions.DependencyInjection": {
        "type": "Transitive",
        "resolved": "10.0.12",
        "contentHash": "lXyK2O5GoYvfxW8eCFcD16JFbcoSTM1sJkAM0UHS1jZyl9NYMW64Tqm6OQFT0IDBjZi+xHt95/Zg+nxZhGFhZg==",
        "dependencies": {
          "Microsoft.Extensions.DependencyInjection.Abstractions": "10.0.12"
        }
      },
      "Microsoft.Extensions.DependencyInjection.Abstractions": {
        "type": "Transitive",
        "resolved": "10.0.12",
        "contentHash": "9/qymSh7hVDMGTGwrLz8MRp5zRyXy9adGDOs4HwRdnLil3oZGYuWeZjbmHgCQ9BL1qBroVfgUK3U/nb61617Cw=="
      },
      "Microsoft.Extensions.Logging": {
        "type": "Transitive",
        "resolved": "10.0.12",
        "contentHash": "6I46fTPfgYkrjRYfRXbho9WOvOelTnNjWuZws/hzGHDASH1LEJeA4VKK9k3wJvido8o7jJSB5WkMTonX7HM1bA==",
        "dependencies": {
          "Microsoft.Extensions.DependencyInjection": "10.0.12",
          "Microsoft.Extensions.Logging.Abstractions": "10.0.12",
          "Microsoft.Extensions.Options": "10.0.12"
        }
      },
      "Microsoft.Testing.Extensions.TrxReport.Abstractions": {
        "type": "Transitive",
        "resolved": "2.4.1",
        "contentHash": "tDxLLic2IfeChbyo8oeGZj/eBdFpPe3Dp80hUoIOefSCqqMHbsob+lX1TfFWV75PJCPouxj2zz0zzPHZxiM4nQ==",
        "dependencies": {
          "Microsoft.Testing.Platform": "[2.4.1, 3.0.0)"
        }
      },
      "Microsoft.Testing.Platform": {
        "type": "Transitive",
        "resolved": "2.4.1",
        "contentHash": "3nW9NyhN1BnHRF994DCOOUQCqVA9pDT+gPpbuhI/xUntZnGnXO4ySovKxFlFuoT/48pnI74LK/DeKVlve1L3VQ=="
      },
      "Microsoft.Win32.Registry": {
        "type": "Transitive",
        "resolved": "5.0.0",
        "contentHash": "dDoKi0PnDz31yAyETfRntsLArTlVAVzUzCIvvEDsDsucrl33Dl8pIJG06ePTJTI3tGpeyHS9Cq7Foc/s4EeKcg=="
      },
      "SixLabors.ImageSharp": {
        "type": "Transitive",
        "resolved": "4.1.2",
        "contentHash": "AQ0oouhH/6qmXJC70/k50iVt7SiZRjCgd4tXXiC5ZrB5CvyBwA81HTqb5twcXz8CvTAFxUNV0TAcL83OhyRA1g==",
        "dependencies": {
          "System.IO.Hashing": "8.0.0"
        }
      },
      "System.IO.Hashing": {
        "type": "Transitive",
        "resolved": "10.0.12",
        "contentHash": "jDix4bBMYnpZdSPcnY+KDV6ik3SRMzpMKby/bZl/XUwIiflwRNAFZ0oOl61R/pSaveIJ8t1gs2BUlrGsPs/bcg=="
      },
      "System.Security.AccessControl": {
        "type": "Transitive",
        "resolved": "6.0.1",
        "contentHash": "IQ4NXP/B3Ayzvw0rDQzVTYsCKyy0Jp9KI6aYcK7UnGVlR9+Awz++TIPCQtPYfLJfOpm8ajowMR09V7quD3sEHw=="
      },
      "xunit.v3.core.mtp-v2": {
        "type": "Transitive",
        "resolved": "4.0.1",
        "contentHash": "7qfTfrIfS2wybpSVyRLmhXHbSudD2eNw66LfukixmKsRCTcfvOrLsx0qGL/lObcEh3Z2F4SIXgoFnLIiB8yfjQ==",
        "dependencies": {
          "Microsoft.Testing.Extensions.Telemetry": "2.4.0",
          "Microsoft.Testing.Extensions.TrxReport.Abstractions": "2.4.0",
          "Microsoft.Testing.Platform": "2.4.0",
          "Microsoft.Testing.Platform.MSBuild": "2.4.0",
          "xunit.v3.extensibility.core": "[4.0.1]",
          "xunit.v3.runner.inproc.console": "[4.0.1]"
        }
      },
      "qrshard.core": {
        "type": "Project",
        "dependencies": {
          "SixLabors.ImageSharp": "[4.1.2, )",
          "System.IO.Hashing": "[10.0.12, )"
        }
      },
      "QrShard.Tool": {
        "type": "Project",
        "dependencies": {
          "Microsoft.Extensions.DependencyInjection": "[10.0.12, )",
          "Microsoft.Extensions.DependencyInjection.Abstractions": "[10.0.12, )",
          "QrShard.Core": "[2.0.0, )",
          "SixLabors.ImageSharp": "[4.1.2, )",
          "System.IO.Hashing": "[10.0.12, )"
        }
      },
      "qrshard.windows.logic": {
        "type": "Project"
      }
    }
  }
}